Microsoft Visual Studio Solution File, Format Version 12.00
# Visual Studio 15
VisualStudioVersion = 15.0.26124.0
MinimumVisualStudioVersion = 15.0.26124.0
Project("{FAE04EC0-301F-11D3-BF4B-00C04F79EFBC}") = "Geminis.Client", "Client\Geminis.Client.csproj", "{2457C36C-13AF-4C6B-91C0-32B5C4F3E897}"
EndProject
Project("{FAE04EC0-301F-11D3-BF4B-00C04F79EFBC}") = "Geminis.Server", "Server\Geminis.Server.csproj", "{7A257C38-6D30-4414-A8EB-95F96278D881}"
EndProject
Global
	GlobalSection(SolutionConfigurationPlatforms) = preSolution
		Debug|Any CPU = Debug|Any CPU
		Release|Any CPU = Release|Any CPU
	EndGlobalSection
	GlobalSection(SolutionProperties) = preSolution
		HideSolutionNode = FALSE
	EndGlobalSection
	GlobalSection(ProjectConfigurationPlatforms) = postSolution
		{2457C36C-13AF-4C6B-91C0-32B5C4F3E897}.Debug|Any CPU.ActiveCfg = Debug|Any CPU
		{2457C36C-13AF-4C6B-91C0-32B5C4F3E897}.Debug|Any CPU.Build.0 = Debug|Any CPU
		{2457C36C-13AF-4C6B-91C0-32B5C4F3E897}.Release|Any CPU.ActiveCfg = Release|Any CPU
		{2457C36C-13AF-4C6B-91C0-32B5C4F3E897}.Release|Any CPU.Build.0 = Release|Any CPU
		{7A257C38-6D30-4414-A8EB-95F96278D881}.Debug|Any CPU.ActiveCfg = Debug|Any CPU
		{7A257C38-6D30-4414-A8EB-95F96278D881}.Debug|Any CPU.Build.0 = Debug|Any CPU
		{7A257C38-6D30-4414-A8EB-95F96278D881}.Release|Any CPU.ActiveCfg = Release|Any CPU
		{7A257C38-6D30-4414-A8EB-95F96278D881}.Release|Any CPU.Build.0 = Release|Any CPU
	EndGlobalSection
EndGlobal
